
Microsoft Visual Studio Solution File, Format Version 12.00
# Visual Studio Version 16
VisualStudioVersion = 16.6.30114.105
MinimumVisualStudioVersion = 10.0.40219.1
Project("{FAE04EC0-301F-11D3-BF4B-00C04F79EFBC}") = "Woosh", "woosh\Woosh.csproj", "{0B4B600A-BE92-4AD2-980F-144F6BE69818}"
EndProject
Project("{FAE04EC0-301F-11D3-BF4B-00C04F79EFBC}") = "Woosh.Specs", "spec\Woosh.Specs.csproj", "{69F5F3B4-D0A9-4C34-A956-31062D7B8B86}"
EndProject
Project("{FAE04EC0-301F-11D3-BF4B-00C04F79EFBC}") = "Woosh.Playground", "play\Woosh.Playground.csproj", "{A9E816F9-0DA6-4ED8-A7B4-10E24F7BE18E}"
EndProject
Global
	GlobalSection(SolutionConfigurationPlatforms) = preSolution
		Debug|Any CPU = Debug|Any CPU
		Debug|x64 = Debug|x64
		Debug|x86 = Debug|x86
		Release|Any CPU = Release|Any CPU
		Release|x64 = Release|x64
		Release|x86 = Release|x86
	EndGlobalSection
	GlobalSection(SolutionProperties) = preSolution
		HideSolutionNode = FALSE
	EndGlobalSection
	GlobalSection(ProjectConfigurationPlatforms) = postSolution
		{0B4B600A-BE92-4AD2-980F-144F6BE69818}.Debug|Any CPU.ActiveCfg = Debug|Any CPU
		{0B4B600A-BE92-4AD2-980F-144F6BE69818}.Debug|Any CPU.Build.0 = Debug|Any CPU
		{0B4B600A-BE92-4AD2-980F-144F6BE69818}.Debug|x64.ActiveCfg = Debug|Any CPU
		{0B4B600A-BE92-4AD2-980F-144F6BE69818}.Debug|x64.Build.0 = Debug|Any CPU
		{0B4B600A-BE92-4AD2-980F-144F6BE69818}.Debug|x86.ActiveCfg = Debug|Any CPU
		{0B4B600A-BE92-4AD2-980F-144F6BE69818}.Debug|x86.Build.0 = Debug|Any CPU
		{0B4B600A-BE92-4AD2-980F-144F6BE69818}.Release|Any CPU.ActiveCfg = Release|Any CPU
		{0B4B600A-BE92-4AD2-980F-144F6BE69818}.Release|Any CPU.Build.0 = Release|Any CPU
		{0B4B600A-BE92-4AD2-980F-144F6BE69818}.Release|x64.ActiveCfg = Release|Any CPU
		{0B4B600A-BE92-4AD2-980F-144F6BE69818}.Release|x64.Build.0 = Release|Any CPU
		{0B4B600A-BE92-4AD2-980F-144F6BE69818}.Release|x86.ActiveCfg = Release|Any CPU
		{0B4B600A-BE92-4AD2-980F-144F6BE69818}.Release|x86.Build.0 = Release|Any CPU
		{69F5F3B4-D0A9-4C34-A956-31062D7B8B86}.Debug|Any CPU.ActiveCfg = Debug|Any CPU
		{69F5F3B4-D0A9-4C34-A956-31062D7B8B86}.Debug|Any CPU.Build.0 = Debug|Any CPU
		{69F5F3B4-D0A9-4C34-A956-31062D7B8B86}.Debug|x64.ActiveCfg = Debug|Any CPU
		{69F5F3B4-D0A9-4C34-A956-31062D7B8B86}.Debug|x64.Build.0 = Debug|Any CPU
		{69F5F3B4-D0A9-4C34-A956-31062D7B8B86}.Debug|x86.ActiveCfg = Debug|Any CPU
		{69F5F3B4-D0A9-4C34-A956-31062D7B8B86}.Debug|x86.Build.0 = Debug|Any CPU
		{69F5F3B4-D0A9-4C34-A956-31062D7B8B86}.Release|Any CPU.ActiveCfg = Release|Any CPU
		{69F5F3B4-D0A9-4C34-A956-31062D7B8B86}.Release|Any CPU.Build.0 = Release|Any CPU
		{69F5F3B4-D0A9-4C34-A956-31062D7B8B86}.Release|x64.ActiveCfg = Release|Any CPU
		{69F5F3B4-D0A9-4C34-A956-31062D7B8B86}.Release|x64.Build.0 = Release|Any CPU
		{69F5F3B4-D0A9-4C34-A956-31062D7B8B86}.Release|x86.ActiveCfg = Release|Any CPU
		{69F5F3B4-D0A9-4C34-A956-31062D7B8B86}.Release|x86.Build.0 = Release|Any CPU
		{A9E816F9-0DA6-4ED8-A7B4-10E24F7BE18E}.Debug|Any CPU.ActiveCfg = Debug|Any CPU
		{A9E816F9-0DA6-4ED8-A7B4-10E24F7BE18E}.Debug|Any CPU.Build.0 = Debug|Any CPU
		{A9E816F9-0DA6-4ED8-A7B4-10E24F7BE18E}.Debug|x64.ActiveCfg = Debug|Any CPU
		{A9E816F9-0DA6-4ED8-A7B4-10E24F7BE18E}.Debug|x64.Build.0 = Debug|Any CPU
		{A9E816F9-0DA6-4ED8-A7B4-10E24F7BE18E}.Debug|x86.ActiveCfg = Debug|Any CPU
		{A9E816F9-0DA6-4ED8-A7B4-10E24F7BE18E}.Debug|x86.Build.0 = Debug|Any CPU
		{A9E816F9-0DA6-4ED8-A7B4-10E24F7BE18E}.Release|Any CPU.ActiveCfg = Release|Any CPU
		{A9E816F9-0DA6-4ED8-A7B4-10E24F7BE18E}.Release|Any CPU.Build.0 = Release|Any CPU
		{A9E816F9-0DA6-4ED8-A7B4-10E24F7BE18E}.Release|x64.ActiveCfg = Release|Any CPU
		{A9E816F9-0DA6-4ED8-A7B4-10E24F7BE18E}.Release|x64.Build.0 = Release|Any CPU
		{A9E816F9-0DA6-4ED8-A7B4-10E24F7BE18E}.Release|x86.ActiveCfg = Release|Any CPU
		{A9E816F9-0DA6-4ED8-A7B4-10E24F7BE18E}.Release|x86.Build.0 = Release|Any CPU
	EndGlobalSection
EndGlobal
